
Microsoft Visual Studio Solution File, Format Version 12.00
# Visual Studio Version 17
VisualStudioVersion = 17.7.34009.444
MinimumVisualStudioVersion = 10.0.40219.1
Project("{FAE04EC0-301F-11D3-BF4B-00C04F79EFBC}") = "UpcastingDowncasting", "UpcastingDowncasting\UpcastingDowncasting.csproj", "{767195D0-DE98-4053-8E32-31BD4F82EC6F}"
EndProject
Global
	GlobalSection(SolutionConfigurationPlatforms) = preSolution
		Debug|Any CPU = Debug|Any CPU
		Release|Any CPU = Release|Any CPU
	EndGlobalSection
	GlobalSection(ProjectConfigurationPlatforms) = postSolution
		{767195D0-DE98-4053-8E32-31BD4F82EC6F}.Debug|Any CPU.ActiveCfg = Debug|Any CPU
		{767195D0-DE98-4053-8E32-31BD4F82EC6F}.Debug|Any CPU.Build.0 = Debug|Any CPU
		{767195D0-DE98-4053-8E32-31BD4F82EC6F}.Release|Any CPU.ActiveCfg = Release|Any CPU
		{767195D0-DE98-4053-8E32-31BD4F82EC6F}.Release|Any CPU.Build.0 = Release|Any CPU
	EndGlobalSection
	GlobalSection(SolutionProperties) = preSolution
		HideSolutionNode = FALSE
	EndGlobalSection
	GlobalSection(ExtensibilityGlobals) = postSolution
		SolutionGuid = {F1A6280E-F797-4341-9DEB-DFACC1EBF241}
	EndGlobalSection
EndGlobal
