
Microsoft Visual Studio Solution File, Format Version 12.00
# Visual Studio Version 17
VisualStudioVersion = 17.7.34009.444
MinimumVisualStudioVersion = 10.0.40219.1
Project("{FAE04EC0-301F-11D3-BF4B-00C04F79EFBC}") = "DateTime", "DateTime\DateTime.csproj", "{008C2F47-E374-458B-8254-C7B080E0D84A}"
EndProject
Global
	GlobalSection(SolutionConfigurationPlatforms) = preSolution
		Debug|Any CPU = Debug|Any CPU
		Release|Any CPU = Release|Any CPU
	EndGlobalSection
	GlobalSection(ProjectConfigurationPlatforms) = postSolution
		{008C2F47-E374-458B-8254-C7B080E0D84A}.Debug|Any CPU.ActiveCfg = Debug|Any CPU
		{008C2F47-E374-458B-8254-C7B080E0D84A}.Debug|Any CPU.Build.0 = Debug|Any CPU
		{008C2F47-E374-458B-8254-C7B080E0D84A}.Release|Any CPU.ActiveCfg = Release|Any CPU
		{008C2F47-E374-458B-8254-C7B080E0D84A}.Release|Any CPU.Build.0 = Release|Any CPU
	EndGlobalSection
	GlobalSection(SolutionProperties) = preSolution
		HideSolutionNode = FALSE
	EndGlobalSection
	GlobalSection(ExtensibilityGlobals) = postSolution
		SolutionGuid = {4F4DD925-74AC-4EC9-8587-57DA3ABC75FB}
	EndGlobalSection
EndGlobal
