
Microsoft Visual Studio Solution File, Format Version 12.00
# Visual Studio Version 17
VisualStudioVersion = 17.7.34009.444
MinimumVisualStudioVersion = 10.0.40219.1
Project("{FAE04EC0-301F-11D3-BF4B-00C04F79EFBC}") = "Path_Exemplo", "Path_Exemplo\Path_Exemplo.csproj", "{91A927A9-E354-418E-92F1-2D8AA97A9C4D}"
EndProject
Global
	GlobalSection(SolutionConfigurationPlatforms) = preSolution
		Debug|Any CPU = Debug|Any CPU
		Release|Any CPU = Release|Any CPU
	EndGlobalSection
	GlobalSection(ProjectConfigurationPlatforms) = postSolution
		{91A927A9-E354-418E-92F1-2D8AA97A9C4D}.Debug|Any CPU.ActiveCfg = Debug|Any CPU
		{91A927A9-E354-418E-92F1-2D8AA97A9C4D}.Debug|Any CPU.Build.0 = Debug|Any CPU
		{91A927A9-E354-418E-92F1-2D8AA97A9C4D}.Release|Any CPU.ActiveCfg = Release|Any CPU
		{91A927A9-E354-418E-92F1-2D8AA97A9C4D}.Release|Any CPU.Build.0 = Release|Any CPU
	EndGlobalSection
	GlobalSection(SolutionProperties) = preSolution
		HideSolutionNode = FALSE
	EndGlobalSection
	GlobalSection(ExtensibilityGlobals) = postSolution
		SolutionGuid = {F31F07CB-6047-4541-9506-B340597ACD9C}
	EndGlobalSection
EndGlobal
