
Microsoft Visual Studio Solution File, Format Version 12.00
# Visual Studio Version 17
VisualStudioVersion = 17.7.34009.444
MinimumVisualStudioVersion = 10.0.40219.1
Project("{FAE04EC0-301F-11D3-BF4B-00C04F79EFBC}") = "ex06", "ex06\ex06.csproj", "{F2D8FD65-6F84-41FE-AA91-2DBF3AC9ED4A}"
EndProject
Global
	GlobalSection(SolutionConfigurationPlatforms) = preSolution
		Debug|Any CPU = Debug|Any CPU
		Release|Any CPU = Release|Any CPU
	EndGlobalSection
	GlobalSection(ProjectConfigurationPlatforms) = postSolution
		{F2D8FD65-6F84-41FE-AA91-2DBF3AC9ED4A}.Debug|Any CPU.ActiveCfg = Debug|Any CPU
		{F2D8FD65-6F84-41FE-AA91-2DBF3AC9ED4A}.Debug|Any CPU.Build.0 = Debug|Any CPU
		{F2D8FD65-6F84-41FE-AA91-2DBF3AC9ED4A}.Release|Any CPU.ActiveCfg = Release|Any CPU
		{F2D8FD65-6F84-41FE-AA91-2DBF3AC9ED4A}.Release|Any CPU.Build.0 = Release|Any CPU
	EndGlobalSection
	GlobalSection(SolutionProperties) = preSolution
		HideSolutionNode = FALSE
	EndGlobalSection
	GlobalSection(ExtensibilityGlobals) = postSolution
		SolutionGuid = {24F014F5-064A-46CA-9274-D3A91EEEECB2}
	EndGlobalSection
EndGlobal
