
Microsoft Visual Studio Solution File, Format Version 12.00
# Visual Studio Version 17
VisualStudioVersion = 17.7.34009.444
MinimumVisualStudioVersion = 10.0.40219.1
Project("{FAE04EC0-301F-11D3-BF4B-00C04F79EFBC}") = "SolucaoComInterface", "SolucaoComInterface\SolucaoComInterface.csproj", "{EB71F8AC-687B-4032-8DA4-8A83ABFDE385}"
EndProject
Global
	GlobalSection(SolutionConfigurationPlatforms) = preSolution
		Debug|Any CPU = Debug|Any CPU
		Release|Any CPU = Release|Any CPU
	EndGlobalSection
	GlobalSection(ProjectConfigurationPlatforms) = postSolution
		{EB71F8AC-687B-4032-8DA4-8A83ABFDE385}.Debug|Any CPU.ActiveCfg = Debug|Any CPU
		{EB71F8AC-687B-4032-8DA4-8A83ABFDE385}.Debug|Any CPU.Build.0 = Debug|Any CPU
		{EB71F8AC-687B-4032-8DA4-8A83ABFDE385}.Release|Any CPU.ActiveCfg = Release|Any CPU
		{EB71F8AC-687B-4032-8DA4-8A83ABFDE385}.Release|Any CPU.Build.0 = Release|Any CPU
	EndGlobalSection
	GlobalSection(SolutionProperties) = preSolution
		HideSolutionNode = FALSE
	EndGlobalSection
	GlobalSection(ExtensibilityGlobals) = postSolution
		SolutionGuid = {006F03B7-777F-4E34-B499-A7B14894195F}
	EndGlobalSection
EndGlobal
