
Microsoft Visual Studio Solution File, Format Version 12.00
# Visual Studio Version 17
VisualStudioVersion = 17.7.34009.444
MinimumVisualStudioVersion = 10.0.40219.1
Project("{FAE04EC0-301F-11D3-BF4B-00C04F79EFBC}") = "TimeSpanProperties", "TimeSpanProperties\TimeSpanProperties.csproj", "{611BA897-2EFA-4BB5-A172-F1BBDA3115AA}"
EndProject
Global
	GlobalSection(SolutionConfigurationPlatforms) = preSolution
		Debug|Any CPU = Debug|Any CPU
		Release|Any CPU = Release|Any CPU
	EndGlobalSection
	GlobalSection(ProjectConfigurationPlatforms) = postSolution
		{611BA897-2EFA-4BB5-A172-F1BBDA3115AA}.Debug|Any CPU.ActiveCfg = Debug|Any CPU
		{611BA897-2EFA-4BB5-A172-F1BBDA3115AA}.Debug|Any CPU.Build.0 = Debug|Any CPU
		{611BA897-2EFA-4BB5-A172-F1BBDA3115AA}.Release|Any CPU.ActiveCfg = Release|Any CPU
		{611BA897-2EFA-4BB5-A172-F1BBDA3115AA}.Release|Any CPU.Build.0 = Release|Any CPU
	EndGlobalSection
	GlobalSection(SolutionProperties) = preSolution
		HideSolutionNode = FALSE
	EndGlobalSection
	GlobalSection(ExtensibilityGlobals) = postSolution
		SolutionGuid = {D748E365-3751-46BE-A2B5-6BF3A5B2A00B}
	EndGlobalSection
EndGlobal
