
Microsoft Visual Studio Solution File, Format Version 12.00
# Visual Studio Version 17
VisualStudioVersion = 17.7.34009.444
MinimumVisualStudioVersion = 10.0.40219.1
Project("{FAE04EC0-301F-11D3-BF4B-00C04F79EFBC}") = "HashSet_SortedSet", "HashSet_SortedSet\HashSet_SortedSet.csproj", "{1508638C-4455-4385-95E4-A2C7CF09C142}"
EndProject
Global
	GlobalSection(SolutionConfigurationPlatforms) = preSolution
		Debug|Any CPU = Debug|Any CPU
		Release|Any CPU = Release|Any CPU
	EndGlobalSection
	GlobalSection(ProjectConfigurationPlatforms) = postSolution
		{1508638C-4455-4385-95E4-A2C7CF09C142}.Debug|Any CPU.ActiveCfg = Debug|Any CPU
		{1508638C-4455-4385-95E4-A2C7CF09C142}.Debug|Any CPU.Build.0 = Debug|Any CPU
		{1508638C-4455-4385-95E4-A2C7CF09C142}.Release|Any CPU.ActiveCfg = Release|Any CPU
		{1508638C-4455-4385-95E4-A2C7CF09C142}.Release|Any CPU.Build.0 = Release|Any CPU
	EndGlobalSection
	GlobalSection(SolutionProperties) = preSolution
		HideSolutionNode = FALSE
	EndGlobalSection
	GlobalSection(ExtensibilityGlobals) = postSolution
		SolutionGuid = {0FE23CFC-23EB-4FF5-900E-0D5E39FED05E}
	EndGlobalSection
EndGlobal
