
Microsoft Visual Studio Solution File, Format Version 12.00
# Visual Studio Version 17
VisualStudioVersion = 17.7.34009.444
MinimumVisualStudioVersion = 10.0.40219.1
Project("{FAE04EC0-301F-11D3-BF4B-00C04F79EFBC}") = "ex04", "ex04\ex04.csproj", "{D7FDB8BA-7F18-4BC3-B83C-F2713E28CE22}"
EndProject
Global
	GlobalSection(SolutionConfigurationPlatforms) = preSolution
		Debug|Any CPU = Debug|Any CPU
		Release|Any CPU = Release|Any CPU
	EndGlobalSection
	GlobalSection(ProjectConfigurationPlatforms) = postSolution
		{D7FDB8BA-7F18-4BC3-B83C-F2713E28CE22}.Debug|Any CPU.ActiveCfg = Debug|Any CPU
		{D7FDB8BA-7F18-4BC3-B83C-F2713E28CE22}.Debug|Any CPU.Build.0 = Debug|Any CPU
		{D7FDB8BA-7F18-4BC3-B83C-F2713E28CE22}.Release|Any CPU.ActiveCfg = Release|Any CPU
		{D7FDB8BA-7F18-4BC3-B83C-F2713E28CE22}.Release|Any CPU.Build.0 = Release|Any CPU
	EndGlobalSection
	GlobalSection(SolutionProperties) = preSolution
		HideSolutionNode = FALSE
	EndGlobalSection
	GlobalSection(ExtensibilityGlobals) = postSolution
		SolutionGuid = {C6B83767-35F1-4DDE-8E55-E50E03C5240E}
	EndGlobalSection
EndGlobal
