
Microsoft Visual Studio Solution File, Format Version 12.00
# Visual Studio Version 17
VisualStudioVersion = 17.7.34009.444
MinimumVisualStudioVersion = 10.0.40219.1
Project("{FAE04EC0-301F-11D3-BF4B-00C04F79EFBC}") = "SemPOO", "SemPOO\SemPOO.csproj", "{DBAC7F90-2729-4C7E-825B-882913ADC8E2}"
EndProject
Global
	GlobalSection(SolutionConfigurationPlatforms) = preSolution
		Debug|Any CPU = Debug|Any CPU
		Release|Any CPU = Release|Any CPU
	EndGlobalSection
	GlobalSection(ProjectConfigurationPlatforms) = postSolution
		{DBAC7F90-2729-4C7E-825B-882913ADC8E2}.Debug|Any CPU.ActiveCfg = Debug|Any CPU
		{DBAC7F90-2729-4C7E-825B-882913ADC8E2}.Debug|Any CPU.Build.0 = Debug|Any CPU
		{DBAC7F90-2729-4C7E-825B-882913ADC8E2}.Release|Any CPU.ActiveCfg = Release|Any CPU
		{DBAC7F90-2729-4C7E-825B-882913ADC8E2}.Release|Any CPU.Build.0 = Release|Any CPU
	EndGlobalSection
	GlobalSection(SolutionProperties) = preSolution
		HideSolutionNode = FALSE
	EndGlobalSection
	GlobalSection(ExtensibilityGlobals) = postSolution
		SolutionGuid = {F9CFF6FD-8028-4DB9-8ED9-1D13CB0CDA83}
	EndGlobalSection
EndGlobal
