
Microsoft Visual Studio Solution File, Format Version 12.00
# Visual Studio Version 16
VisualStudioVersion = 16.0.34301.259
MinimumVisualStudioVersion = 10.0.40219.1
Project("{FAE04EC0-301F-11D3-BF4B-00C04F79EFBC}") = "WebApp.Identity", "WebApp.Identity\WebApp.Identity.csproj", "{E64E3648-2C8F-4533-983C-D5513E37414D}"
EndProject
Global
	GlobalSection(SolutionConfigurationPlatforms) = preSolution
		Debug|Any CPU = Debug|Any CPU
		Release|Any CPU = Release|Any CPU
	EndGlobalSection
	GlobalSection(ProjectConfigurationPlatforms) = postSolution
		{E64E3648-2C8F-4533-983C-D5513E37414D}.Debug|Any CPU.ActiveCfg = Debug|Any CPU
		{E64E3648-2C8F-4533-983C-D5513E37414D}.Debug|Any CPU.Build.0 = Debug|Any CPU
		{E64E3648-2C8F-4533-983C-D5513E37414D}.Release|Any CPU.ActiveCfg = Release|Any CPU
		{E64E3648-2C8F-4533-983C-D5513E37414D}.Release|Any CPU.Build.0 = Release|Any CPU
	EndGlobalSection
	GlobalSection(SolutionProperties) = preSolution
		HideSolutionNode = FALSE
	EndGlobalSection
	GlobalSection(ExtensibilityGlobals) = postSolution
		SolutionGuid = {88424205-25A0-47A2-96A1-D580A35E834A}
	EndGlobalSection
EndGlobal
