
Microsoft Visual Studio Solution File, Format Version 12.00
# Visual Studio Version 17
VisualStudioVersion = 17.7.34009.444
MinimumVisualStudioVersion = 10.0.40219.1
Project("{FAE04EC0-301F-11D3-BF4B-00C04F79EFBC}") = "IntroducaoLINQ", "IntroducaoLINQ\IntroducaoLINQ.csproj", "{9C043A69-8BAE-4A5E-AE16-B9556DB6D201}"
EndProject
Global
	GlobalSection(SolutionConfigurationPlatforms) = preSolution
		Debug|Any CPU = Debug|Any CPU
		Release|Any CPU = Release|Any CPU
	EndGlobalSection
	GlobalSection(ProjectConfigurationPlatforms) = postSolution
		{9C043A69-8BAE-4A5E-AE16-B9556DB6D201}.Debug|Any CPU.ActiveCfg = Debug|Any CPU
		{9C043A69-8BAE-4A5E-AE16-B9556DB6D201}.Debug|Any CPU.Build.0 = Debug|Any CPU
		{9C043A69-8BAE-4A5E-AE16-B9556DB6D201}.Release|Any CPU.ActiveCfg = Release|Any CPU
		{9C043A69-8BAE-4A5E-AE16-B9556DB6D201}.Release|Any CPU.Build.0 = Release|Any CPU
	EndGlobalSection
	GlobalSection(SolutionProperties) = preSolution
		HideSolutionNode = FALSE
	EndGlobalSection
	GlobalSection(ExtensibilityGlobals) = postSolution
		SolutionGuid = {91242F94-1A30-4E3C-89AB-6B12AE362AE8}
	EndGlobalSection
EndGlobal
