
Microsoft Visual Studio Solution File, Format Version 12.00
# Visual Studio Version 17
VisualStudioVersion = 17.7.34009.444
MinimumVisualStudioVersion = 10.0.40219.1
Project("{FAE04EC0-301F-11D3-BF4B-00C04F79EFBC}") = "Var", "Var\Var.csproj", "{77DD3321-BF52-4CB7-AD97-368243E11196}"
EndProject
Global
	GlobalSection(SolutionConfigurationPlatforms) = preSolution
		Debug|Any CPU = Debug|Any CPU
		Release|Any CPU = Release|Any CPU
	EndGlobalSection
	GlobalSection(ProjectConfigurationPlatforms) = postSolution
		{77DD3321-BF52-4CB7-AD97-368243E11196}.Debug|Any CPU.ActiveCfg = Debug|Any CPU
		{77DD3321-BF52-4CB7-AD97-368243E11196}.Debug|Any CPU.Build.0 = Debug|Any CPU
		{77DD3321-BF52-4CB7-AD97-368243E11196}.Release|Any CPU.ActiveCfg = Release|Any CPU
		{77DD3321-BF52-4CB7-AD97-368243E11196}.Release|Any CPU.Build.0 = Release|Any CPU
	EndGlobalSection
	GlobalSection(SolutionProperties) = preSolution
		HideSolutionNode = FALSE
	EndGlobalSection
	GlobalSection(ExtensibilityGlobals) = postSolution
		SolutionGuid = {CB53A1DC-5493-4752-BEF7-8C50B28E8533}
	EndGlobalSection
EndGlobal
