
Microsoft Visual Studio Solution File, Format Version 12.00
# Visual Studio Version 17
VisualStudioVersion = 17.7.34009.444
MinimumVisualStudioVersion = 10.0.40219.1
Project("{FAE04EC0-301F-11D3-BF4B-00C04F79EFBC}") = "AutoProperties", "AutoProperties\AutoProperties.csproj", "{9E4F1E94-7C05-4883-8888-786FD436C0D6}"
EndProject
Global
	GlobalSection(SolutionConfigurationPlatforms) = preSolution
		Debug|Any CPU = Debug|Any CPU
		Release|Any CPU = Release|Any CPU
	EndGlobalSection
	GlobalSection(ProjectConfigurationPlatforms) = postSolution
		{9E4F1E94-7C05-4883-8888-786FD436C0D6}.Debug|Any CPU.ActiveCfg = Debug|Any CPU
		{9E4F1E94-7C05-4883-8888-786FD436C0D6}.Debug|Any CPU.Build.0 = Debug|Any CPU
		{9E4F1E94-7C05-4883-8888-786FD436C0D6}.Release|Any CPU.ActiveCfg = Release|Any CPU
		{9E4F1E94-7C05-4883-8888-786FD436C0D6}.Release|Any CPU.Build.0 = Release|Any CPU
	EndGlobalSection
	GlobalSection(SolutionProperties) = preSolution
		HideSolutionNode = FALSE
	EndGlobalSection
	GlobalSection(ExtensibilityGlobals) = postSolution
		SolutionGuid = {595F849E-6350-403F-AD74-7728DDE216D0}
	EndGlobalSection
EndGlobal
