
Microsoft Visual Studio Solution File, Format Version 12.00
# Visual Studio Version 17
VisualStudioVersion = 17.7.34009.444
MinimumVisualStudioVersion = 10.0.40219.1
Project("{FAE04EC0-301F-11D3-BF4B-00C04F79EFBC}") = "ExercicioVetores2", "ExercicioVetores2\ExercicioVetores2.csproj", "{C59F3E2F-9211-4C38-966A-BBAFC21F52B5}"
EndProject
Global
	GlobalSection(SolutionConfigurationPlatforms) = preSolution
		Debug|Any CPU = Debug|Any CPU
		Release|Any CPU = Release|Any CPU
	EndGlobalSection
	GlobalSection(ProjectConfigurationPlatforms) = postSolution
		{C59F3E2F-9211-4C38-966A-BBAFC21F52B5}.Debug|Any CPU.ActiveCfg = Debug|Any CPU
		{C59F3E2F-9211-4C38-966A-BBAFC21F52B5}.Debug|Any CPU.Build.0 = Debug|Any CPU
		{C59F3E2F-9211-4C38-966A-BBAFC21F52B5}.Release|Any CPU.ActiveCfg = Release|Any CPU
		{C59F3E2F-9211-4C38-966A-BBAFC21F52B5}.Release|Any CPU.Build.0 = Release|Any CPU
	EndGlobalSection
	GlobalSection(SolutionProperties) = preSolution
		HideSolutionNode = FALSE
	EndGlobalSection
	GlobalSection(ExtensibilityGlobals) = postSolution
		SolutionGuid = {FB15BD38-D6AD-4B6A-B289-B1F554AD3A4C}
	EndGlobalSection
EndGlobal
