
Microsoft Visual Studio Solution File, Format Version 12.00
# Visual Studio Version 17
VisualStudioVersion = 17.7.34009.444
MinimumVisualStudioVersion = 10.0.40219.1
Project("{FAE04EC0-301F-11D3-BF4B-00C04F79EFBC}") = "ex02", "ex02\ex02.csproj", "{24675E46-447B-49DE-ADA9-DD1F5E69ACFC}"
EndProject
Global
	GlobalSection(SolutionConfigurationPlatforms) = preSolution
		Debug|Any CPU = Debug|Any CPU
		Release|Any CPU = Release|Any CPU
	EndGlobalSection
	GlobalSection(ProjectConfigurationPlatforms) = postSolution
		{24675E46-447B-49DE-ADA9-DD1F5E69ACFC}.Debug|Any CPU.ActiveCfg = Debug|Any CPU
		{24675E46-447B-49DE-ADA9-DD1F5E69ACFC}.Debug|Any CPU.Build.0 = Debug|Any CPU
		{24675E46-447B-49DE-ADA9-DD1F5E69ACFC}.Release|Any CPU.ActiveCfg = Release|Any CPU
		{24675E46-447B-49DE-ADA9-DD1F5E69ACFC}.Release|Any CPU.Build.0 = Release|Any CPU
	EndGlobalSection
	GlobalSection(SolutionProperties) = preSolution
		HideSolutionNode = FALSE
	EndGlobalSection
	GlobalSection(ExtensibilityGlobals) = postSolution
		SolutionGuid = {426F9DDA-D665-4528-BB53-B3D6915CF7E4}
	EndGlobalSection
EndGlobal
